{
  "name": "@tscircuit/plop",
  "version": "0.0.3",
  "lockfileVersion": 3,
  "requires": true,
  "packages": {
    "": {
      "name": "@tscircuit/plop",
      "version": "0.0.3",
      "license": "ISC",
      "dependencies": {
        "@tscircuit/plop": "^0.0.3",
        "prompts": "^2.4.2"
      },
      "bin": {
        "plop": "index.js",
        "tscircuit-plop": "index.js"
      }
    },
    "node_modules/@tscircuit/plop": {
      "version": "0.0.3",
      "resolved": "https://registry.npmjs.org/@tscircuit/plop/-/plop-0.0.3.tgz",
      "integrity": "sha512-JOM3kORV6xs6JvTCCsEsTfm0e32fWcq5NFxdBwtJIWH1sk67yX5FVsA1wns9P+jHemsN0mW1TFdZyAAYtNEV4A==",
      "license": "ISC",
      "dependencies": {
        "prompts": "^2.4.2"
      },
      "bin": {
        "plop": "index.js",
        "tscircuit-plop": "index.js"
      }
    },
    "node_modules/kleur": {
      "version": "3.0.3",
      "resolved": "https://registry.npmjs.org/kleur/-/kleur-3.0.3.tgz",
      "integrity": "sha512-eTIzlVOSUR+JxdDFepEYcBMtZ9Qqdef+rnzWdRZuMbOywu5tO2w2N7rqjoANZ5k9vywhL6Br1VRjUIgTQx4E8w==",
      "license": "MIT",
      "engines": {
        "node": ">=6"
      }
    },
    "node_modules/prompts": {
      "version": "2.4.2",
      "resolved": "https://registry.npmjs.org/prompts/-/prompts-2.4.2.tgz",
      "integrity": "sha512-NxNv/kLguCA7p3jE8oL2aEBsrJWgAakBpgmgK6lpPWV+WuOmY6r2/zbAVnP+T8bQlA0nzHXSJSJW0Hq7ylaD2Q==",
      "license": "MIT",
      "dependencies": {
        "kleur": "^3.0.3",
        "sisteransi": "^1.0.5"
      },
      "engines": {
        "node": ">= 6"
      }
    },
    "node_modules/sisteransi": {
      "version": "1.0.5",
      "resolved": "https://registry.npmjs.org/sisteransi/-/sisteransi-1.0.5.tgz",
      "integrity": "sha512-bLGGlR1QxBcynn2d5YmDX4MGjlZvy2MRBDRNHLJ8VI6l6+9FUiyTFNJ0IveOSP0bcXgVDPRcfGqA0pjaqUpfVg==",
      "license": "MIT"
    }
  }
}
